<?xml version="1.0" encoding="utf-8"?>
<Project ToolsVersion="4.0" xmlns="http://schemas.microsoft.com/developer/msbuild/2003">
  <ItemGroup>
    <ClCompile Include="bssrdf_creator.cpp">
      <Filter>Source Files</Filter>
    </ClCompile>
    <ClCompile Include="bssrdf_loader.cpp">
      <Filter>Source Files</Filter>
    </ClCompile>
    <ClCompile Include="bssrdf_parameter_manager.cpp">
      <Filter>Source Files</Filter>
    </ClCompile>
    <ClCompile Include="full_bssrdf_generator.cpp">
      <Filter>Source Files</Filter>
    </ClCompile>
    <ClCompile Include="main.cpp">
      <Filter>Source Files</Filter>
    </ClCompile>
    <ClCompile Include="reference_bssrdf.cpp">
      <Filter>Source Files</Filter>
    </ClCompile>
    <ClCompile Include="reference_bssrdf_gpu.cpp">
      <Filter>Source Files</Filter>
    </ClCompile>
  </ItemGroup>
  <ItemGroup>
    <Filter Include="Header Files">
      <UniqueIdentifier>{264640c5-8bb7-43f3-853a-9af2c71fc9b6}</UniqueIdentifier>
    </Filter>
    <Filter Include="Source Files">
      <UniqueIdentifier>{bdedce23-3e36-4ab9-9c27-6f105841e55d}</UniqueIdentifier>
    </Filter>
    <Filter Include="CUDA Files">
      <UniqueIdentifier>{3c82f7f5-efff-471a-98d4-301b5ea283cb}</UniqueIdentifier>
    </Filter>
  </ItemGroup>
  <ItemGroup>
    <ClInclude Include="bssrdf_creator.h">
      <Filter>Header Files</Filter>
    </ClInclude>
    <ClInclude Include="bssrdf_loader.h">
      <Filter>Header Files</Filter>
    </ClInclude>
    <ClInclude Include="bssrdf_parameter_manager.h">
      <Filter>Header Files</Filter>
    </ClInclude>
    <ClInclude Include="full_bssrdf_generator.h">
      <Filter>Header Files</Filter>
    </ClInclude>
    <ClInclude Include="full_bssrdf_host_device_common.h">
      <Filter>Header Files</Filter>
    </ClInclude>
    <ClInclude Include="photon_trace_reference_bssrdf.h">
      <Filter>Header Files</Filter>
    </ClInclude>
    <ClInclude Include="photon_trace_structs.h">
      <Filter>Header Files</Filter>
    </ClInclude>
    <ClInclude Include="reference_bssrdf.h">
      <Filter>Header Files</Filter>
    </ClInclude>
    <ClInclude Include="reference_bssrdf_gpu.h">
      <Filter>Header Files</Filter>
    </ClInclude>
  </ItemGroup>
  <ItemGroup>
    <CudaCompile Include="CUDA_files\planar_bssrdf.cu">
      <Filter>CUDA Files</Filter>
    </CudaCompile>
    <CudaCompile Include="CUDA_files\reference_bssrdf.cu">
      <Filter>CUDA Files</Filter>
    </CudaCompile>
    <CudaCompile Include="CUDA_files\reference_bssrdf_gpu.cu">
      <Filter>CUDA Files</Filter>
    </CudaCompile>
    <CudaCompile Include="CUDA_files\render_bssrdf.cu">
      <Filter>CUDA Files</Filter>
    </CudaCompile>
  </ItemGroup>
</Project>