<?xml version="1.0" encoding="utf-8"?>
<Project ToolsVersion="4.0" xmlns="http://schemas.microsoft.com/developer/msbuild/2003">
  <ItemGroup>
    <Filter Include="Source Files">
      <UniqueIdentifier>{4FC737F1-C7A5-4376-A066-2A32D752A2FF}</UniqueIdentifier>
      <Extensions>cpp;c;cc;cxx;def;odl;idl;hpj;bat;asm;asmx</Extensions>
    </Filter>
    <Filter Include="Header Files">
      <UniqueIdentifier>{93995380-89BD-4b04-88EB-625FBE52EBFB}</UniqueIdentifier>
      <Extensions>h;hpp;hxx;hm;inl;inc;xsd</Extensions>
    </Filter>
    <Filter Include="Resource Files">
      <UniqueIdentifier>{67DA6AB6-F800-4c08-8B7A-83BB121AAD01}</UniqueIdentifier>
      <Extensions>rc;ico;cur;bmp;dlg;rc2;rct;bin;rgs;gif;jpg;jpeg;jpe;resx;tiff;tif;png;wav;mfcribbon-ms</Extensions>
    </Filter>
  </ItemGroup>
  <ItemGroup>
    <ClCompile Include="sutil.c">
      <Filter>Header Files</Filter>
    </ClCompile>
    <ClCompile Include="DeviceMemoryLogger.cpp">
      <Filter>Source Files</Filter>
    </ClCompile>
    <ClCompile Include="glm.cpp">
      <Filter>Source Files</Filter>
    </ClCompile>
    <ClCompile Include="GLUTDisplay.cpp">
      <Filter>Source Files</Filter>
    </ClCompile>
    <ClCompile Include="HDRLoader.cpp">
      <Filter>Source Files</Filter>
    </ClCompile>
    <ClCompile Include="HostMesh.cpp">
      <Filter>Source Files</Filter>
    </ClCompile>
    <ClCompile Include="HostMeshImpl.cpp">
      <Filter>Source Files</Filter>
    </ClCompile>
    <ClCompile Include="ImageDisplay.cpp">
      <Filter>Source Files</Filter>
    </ClCompile>
    <ClCompile Include="ImageLoader.cpp">
      <Filter>Source Files</Filter>
    </ClCompile>
    <ClCompile Include="MeshBase.cpp">
      <Filter>Source Files</Filter>
    </ClCompile>
    <ClCompile Include="MeshScene.cpp">
      <Filter>Source Files</Filter>
    </ClCompile>
    <ClCompile Include="Mouse.cpp">
      <Filter>Source Files</Filter>
    </ClCompile>
    <ClCompile Include="OptixMesh.cpp">
      <Filter>Source Files</Filter>
    </ClCompile>
    <ClCompile Include="OptixMeshImpl.cpp">
      <Filter>Source Files</Filter>
    </ClCompile>
    <ClCompile Include="PPMLoader.cpp">
      <Filter>Source Files</Filter>
    </ClCompile>
    <ClCompile Include="SampleScene.cpp">
      <Filter>Source Files</Filter>
    </ClCompile>
    <ClCompile Include="SunSky.cpp">
      <Filter>Source Files</Filter>
    </ClCompile>
    <ClCompile Include="rply-1.01\rply.c">
      <Filter>Header Files</Filter>
    </ClCompile>
    <ClCompile Include="RawLoader.cpp">
      <Filter>Source Files</Filter>
    </ClCompile>
  </ItemGroup>
  <ItemGroup>
    <ClInclude Include="DeviceMemoryLogger.h">
      <Filter>Header Files</Filter>
    </ClInclude>
    <ClInclude Include="glm.h">
      <Filter>Header Files</Filter>
    </ClInclude>
    <ClInclude Include="GLUTDisplay.h">
      <Filter>Header Files</Filter>
    </ClInclude>
    <ClInclude Include="HDRLoader.h">
      <Filter>Header Files</Filter>
    </ClInclude>
    <ClInclude Include="HostMesh.h">
      <Filter>Header Files</Filter>
    </ClInclude>
    <ClInclude Include="HostMeshImpl.h">
      <Filter>Header Files</Filter>
    </ClInclude>
    <ClInclude Include="ImageDisplay.h">
      <Filter>Header Files</Filter>
    </ClInclude>
    <ClInclude Include="ImageLoader.h">
      <Filter>Header Files</Filter>
    </ClInclude>
    <ClInclude Include="MeshBase.h">
      <Filter>Header Files</Filter>
    </ClInclude>
    <ClInclude Include="MeshException.h">
      <Filter>Header Files</Filter>
    </ClInclude>
    <ClInclude Include="MeshScene.h">
      <Filter>Header Files</Filter>
    </ClInclude>
    <ClInclude Include="Mouse.h">
      <Filter>Header Files</Filter>
    </ClInclude>
    <ClInclude Include="NsightHelper.h">
      <Filter>Header Files</Filter>
    </ClInclude>
    <ClInclude Include="OptixMesh.h">
      <Filter>Header Files</Filter>
    </ClInclude>
    <ClInclude Include="OptixMeshClasses.h">
      <Filter>Header Files</Filter>
    </ClInclude>
    <ClInclude Include="OptixMeshImpl.h">
      <Filter>Header Files</Filter>
    </ClInclude>
    <ClInclude Include="PPMLoader.h">
      <Filter>Header Files</Filter>
    </ClInclude>
    <ClInclude Include="SampleScene.h">
      <Filter>Header Files</Filter>
    </ClInclude>
    <ClInclude Include="SunSky.h">
      <Filter>Header Files</Filter>
    </ClInclude>
    <ClInclude Include="sutil.h">
      <Filter>Header Files</Filter>
    </ClInclude>
    <ClInclude Include="sutilapi.h">
      <Filter>Header Files</Filter>
    </ClInclude>
    <ClInclude Include="rply-1.01\rply.h">
      <Filter>Header Files</Filter>
    </ClInclude>
    <ClInclude Include="commonStructs.h">
      <Filter>Header Files</Filter>
    </ClInclude>
    <ClInclude Include="RawLoader.h">
      <Filter>Header Files</Filter>
    </ClInclude>
  </ItemGroup>
</Project>