<?xml version="1.0" encoding="utf-8"?>
<Project ToolsVersion="4.0" xmlns="http://schemas.microsoft.com/developer/msbuild/2003">
  <ItemGroup>
    <CudaCompile Include="CUDA_files\normal_shader.cu">
      <Filter>CUDA_files</Filter>
    </CudaCompile>
    <CudaCompile Include="CUDA_files\subsurface_scattering_shader.cu">
      <Filter>CUDA_files</Filter>
    </CudaCompile>
    <CudaCompile Include="CUDA_files\triangle_mesh.cu">
      <Filter>CUDA_files\Mesh</Filter>
    </CudaCompile>
    <CudaCompile Include="CUDA_files\box.cu">
      <Filter>CUDA_files\Mesh</Filter>
    </CudaCompile>
    <CudaCompile Include="CUDA_files\sample_camera.cu">
      <Filter>CUDA_files\Cameras</Filter>
    </CudaCompile>
    <CudaCompile Include="CUDA_files\pinhole_camera.cu">
      <Filter>CUDA_files\Cameras</Filter>
    </CudaCompile>
    <CudaCompile Include="CUDA_files\tonemap_camera.cu">
      <Filter>CUDA_files\Cameras</Filter>
    </CudaCompile>
    <CudaCompile Include="CUDA_files\lambertian_shader.cu">
      <Filter>CUDA_files</Filter>
    </CudaCompile>
    <CudaCompile Include="CUDA_files\sky_model_background.cu">
      <Filter>CUDA_files\Miss Programs</Filter>
    </CudaCompile>
    <CudaCompile Include="CUDA_files\constant_background.cu">
      <Filter>CUDA_files\Miss Programs</Filter>
    </CudaCompile>
    <CudaCompile Include="CUDA_files\environment_map_background.cu">
      <Filter>CUDA_files\Miss Programs</Filter>
    </CudaCompile>
    <CudaCompile Include="CUDA_files\glass_shader.cu">
      <Filter>CUDA_files</Filter>
    </CudaCompile>
    <CudaCompile Include="CUDA_files\mirror_shader.cu">
      <Filter>CUDA_files</Filter>
    </CudaCompile>
    <CudaCompile Include="CUDA_files\metal_shader.cu">
      <Filter>CUDA_files</Filter>
    </CudaCompile>
    <CudaCompile Include="CUDA_files\constant_shader.cu">
      <Filter>CUDA_files</Filter>
    </CudaCompile>
    <CudaCompile Include="CUDA_files\glossy_shader.cu">
      <Filter>CUDA_files</Filter>
    </CudaCompile>
    <CudaCompile Include="CUDA_files\chull.cu">
      <Filter>CUDA_files\Mesh</Filter>
    </CudaCompile>
    <CudaCompile Include="sphere.cu">
      <Filter>CUDA_files\Mesh</Filter>
    </CudaCompile>
    <CudaCompile Include="CUDA_files\env_cameras.cu">
      <Filter>CUDA_files\Cameras</Filter>
    </CudaCompile>
    <CudaCompile Include="CUDA_files\dispersion_shader.cu">
      <Filter>CUDA_files</Filter>
    </CudaCompile>
    <CudaCompile Include="CUDA_files\absorbing_glass.cu">
      <Filter>CUDA_files</Filter>
    </CudaCompile>
    <CudaCompile Include="CUDA_files\volume_shader.cu">
      <Filter>CUDA_files</Filter>
    </CudaCompile>
    <CudaCompile Include="CUDA_files\volume_shader_heterogenous.cu">
      <Filter>CUDA_files</Filter>
    </CudaCompile>
    <CudaCompile Include="CUDA_files\depth_ray.cu">
      <Filter>CUDA_files</Filter>
    </CudaCompile>
    <CudaCompile Include="subsurface_scattering_sampled.cu">
      <Filter>CUDA_files</Filter>
    </CudaCompile>
    <CudaCompile Include="debug_camera.cu">
      <Filter>CUDA_files\Cameras</Filter>
    </CudaCompile>
    <CudaCompile Include="CUDA_files\reference_bssrdf.cu">
      <Filter>CUDA_files</Filter>
    </CudaCompile>
    <CudaCompile Include="CUDA_files\reference_bssrdf_gpu.cu">
      <Filter>CUDA_files</Filter>
    </CudaCompile>
    <CudaCompile Include="CUDA_files\render_reference_bssrdf_gpu.cu">
      <Filter>CUDA_files</Filter>
    </CudaCompile>
    <CudaCompile Include="CUDA_files\render_bssrdf_hemisphere.cu">
      <Filter>CUDA_files</Filter>
    </CudaCompile>
    <CudaCompile Include="CUDA_files\planar_bssrdf.cu">
      <Filter>CUDA_files</Filter>
    </CudaCompile>
  </ItemGroup>
  <ItemGroup>
    <ClCompile Include="obj_scene.cpp">
      <Filter>Source Files</Filter>
    </ClCompile>
    <ClCompile Include="main.cpp">
      <Filter>Source Files</Filter>
    </ClCompile>
    <ClCompile Include="scattering_material.cpp">
      <Filter>Source Files\Materials</Filter>
    </ClCompile>
    <ClCompile Include="rendering_method.cpp">
      <Filter>Source Files\Methods</Filter>
    </ClCompile>
    <ClCompile Include="simple_tracing.cpp">
      <Filter>Source Files\Methods</Filter>
    </ClCompile>
    <ClCompile Include="material_library.cpp">
      <Filter>Source Files\Wrappers</Filter>
    </ClCompile>
    <ClCompile Include="ambient_occlusion.cpp">
      <Filter>Source Files\Methods</Filter>
    </ClCompile>
    <ClCompile Include="path_tracing.cpp">
      <Filter>Source Files\Methods</Filter>
    </ClCompile>
    <ClCompile Include="box.cpp">
      <Filter>Source Files\Procedural</Filter>
    </ClCompile>
    <ClCompile Include="procedural_loader.cpp">
      <Filter>Source Files\Procedural</Filter>
    </ClCompile>
    <ClCompile Include="plint.cpp">
      <Filter>Source Files\Procedural</Filter>
    </ClCompile>
    <ClCompile Include="procedural_mesh.cpp">
      <Filter>Source Files\Procedural</Filter>
    </ClCompile>
    <ClCompile Include="chull.cpp">
      <Filter>Source Files\Procedural</Filter>
    </ClCompile>
    <ClCompile Include="sphere.cpp">
      <Filter>Source Files\Procedural</Filter>
    </ClCompile>
    <ClCompile Include="aisceneloader.cpp" />
    <ClCompile Include="parameter_parser.cpp">
      <Filter>Source Files\Utils</Filter>
    </ClCompile>
    <ClCompile Include="brdf_utils.cpp">
      <Filter>Source Files\Utils</Filter>
    </ClCompile>
    <ClCompile Include="obj_loader.cpp">
      <Filter>Source Files\Loaders</Filter>
    </ClCompile>
    <ClCompile Include="sky_model.cpp">
      <Filter>Source Files\Materials</Filter>
    </ClCompile>
    <ClCompile Include="folders.cpp">
      <Filter>Source Files\Utils</Filter>
    </ClCompile>
    <ClCompile Include="apple_juice.cpp">
      <Filter>Source Files\Materials</Filter>
    </ClCompile>
    <ClCompile Include="logger.cpp">
      <Filter>Source Files\Utils</Filter>
    </ClCompile>
    <ClCompile Include="dialogs.cpp">
      <Filter>Source Files\Dialogs</Filter>
    </ClCompile>
    <ClCompile Include="mesh.cpp">
      <Filter>Source Files</Filter>
    </ClCompile>
    <ClCompile Include="shader_factory.cpp">
      <Filter>Source Files\Shaders</Filter>
    </ClCompile>
    <ClCompile Include="shader.cpp">
      <Filter>Source Files\Shaders</Filter>
    </ClCompile>
    <ClCompile Include="presampled_surface_bssrdf.cpp">
      <Filter>Source Files\Shaders</Filter>
    </ClCompile>
    <ClCompile Include="glossy.cpp">
      <Filter>Source Files\Shaders</Filter>
    </ClCompile>
    <ClCompile Include="default_shader.cpp">
      <Filter>Source Files\Shaders</Filter>
    </ClCompile>
    <ClCompile Include="camera_host.cpp">
      <Filter>Source Files\Cameras</Filter>
    </ClCompile>
    <ClCompile Include="light_host.cpp">
      <Filter>Source Files\Lights</Filter>
    </ClCompile>
    <ClCompile Include="host_material.cpp">
      <Filter>Source Files\Materials</Filter>
    </ClCompile>
    <ClCompile Include="miss_program.cpp">
      <Filter>Source Files\Background</Filter>
    </ClCompile>
    <ClCompile Include="constant_background.cpp">
      <Filter>Source Files\Background</Filter>
    </ClCompile>
    <ClCompile Include="environment_map_background.cpp">
      <Filter>Source Files\Background</Filter>
    </ClCompile>
    <ClCompile Include="PerlinNoise.cpp">
      <Filter>Source Files\Noise</Filter>
    </ClCompile>
    <ClCompile Include="simplex_noise.cpp">
      <Filter>Source Files\Noise</Filter>
    </ClCompile>
    <ClCompile Include="sampled_bssrdf.cpp">
      <Filter>Source Files\Shaders</Filter>
    </ClCompile>
    <ClCompile Include="immediate_gui.cpp">
      <Filter>Source Files\GUI</Filter>
    </ClCompile>
    <ClCompile Include="imgui\imgui.cpp">
      <Filter>Source Files\GUI\imgui</Filter>
    </ClCompile>
    <ClCompile Include="imgui\imgui_demo.cpp">
      <Filter>Source Files\GUI\imgui</Filter>
    </ClCompile>
    <ClCompile Include="imgui\imgui_draw.cpp">
      <Filter>Source Files\GUI\imgui</Filter>
    </ClCompile>
    <ClCompile Include="render_task.cpp">
      <Filter>Source Files\Utils</Filter>
    </ClCompile>
    <ClCompile Include="glm.cpp">
      <Filter>Source Files\Loaders</Filter>
    </ClCompile>
    <ClCompile Include="HDRLoader.cpp">
      <Filter>Source Files\Loaders</Filter>
    </ClCompile>
    <ClCompile Include="ImageLoader.cpp">
      <Filter>Source Files\Loaders</Filter>
    </ClCompile>
    <ClCompile Include="PPMLoader.cpp">
      <Filter>Source Files\Loaders</Filter>
    </ClCompile>
    <ClCompile Include="RawLoader.cpp">
      <Filter>Source Files\Loaders</Filter>
    </ClCompile>
    <ClCompile Include="Mouse.cpp">
      <Filter>Source Files\Cameras</Filter>
    </ClCompile>
    <ClCompile Include="SampleScene.cpp">
      <Filter>Source Files</Filter>
    </ClCompile>
    <ClCompile Include="imgui\imgui_impl_glfw_gl3.cpp">
      <Filter>Source Files\GUI\imgui</Filter>
    </ClCompile>
    <ClCompile Include="GLFWDisplay.cpp">
      <Filter>Source Files\Display</Filter>
    </ClCompile>
    <ClCompile Include="cputimer.cpp">
      <Filter>Source Files\Utils</Filter>
    </ClCompile>
    <ClCompile Include="transform.cpp" />
    <ClCompile Include="reference_bssrdf.cpp">
      <Filter>Source Files\Shaders</Filter>
    </ClCompile>
    <ClCompile Include="reference_bssrdf_gpu.cpp">
      <Filter>Source Files\Shaders</Filter>
    </ClCompile>
  </ItemGroup>
  <ItemGroup>
    <ClInclude Include="obj_scene.h">
      <Filter>Header Files</Filter>
    </ClInclude>
    <ClInclude Include="scattering_material.h">
      <Filter>Header Files\Materials</Filter>
    </ClInclude>
    <ClInclude Include="optix_helpers.h">
      <Filter>Header Files\Optix</Filter>
    </ClInclude>
    <ClInclude Include="intersection_refinement.h">
      <Filter>Header Files\Optix</Filter>
    </ClInclude>
    <ClInclude Include="random.h">
      <Filter>Header Files\Optix</Filter>
    </ClInclude>
    <ClInclude Include="rendering_method.h">
      <Filter>Header Files\Methods</Filter>
    </ClInclude>
    <ClInclude Include="simple_tracing.h">
      <Filter>Header Files\Methods</Filter>
    </ClInclude>
    <ClInclude Include="sky_model.h">
      <Filter>Header Files\Lights</Filter>
    </ClInclude>
    <ClInclude Include="parameter_parser.h">
      <Filter>Header Files\Utils</Filter>
    </ClInclude>
    <ClInclude Include="optical_helper.h">
      <Filter>Header Files\Utils</Filter>
    </ClInclude>
    <ClInclude Include="folders.h">
      <Filter>Header Files\Utils</Filter>
    </ClInclude>
    <ClInclude Include="sampling_helpers.h">
      <Filter>Header Files\Utils</Filter>
    </ClInclude>
    <ClInclude Include="color_helpers.h">
      <Filter>Header Files\Utils</Filter>
    </ClInclude>
    <ClInclude Include="material_library.h">
      <Filter>Header Files\Wrappers</Filter>
    </ClInclude>
    <ClInclude Include="ambient_occlusion.h">
      <Filter>Header Files\Methods</Filter>
    </ClInclude>
    <ClInclude Include="path_tracing.h">
      <Filter>Header Files\Methods</Filter>
    </ClInclude>
    <ClInclude Include="ray_trace_helpers.h">
      <Filter>Header Files\Utils</Filter>
    </ClInclude>
    <ClInclude Include="box.h">
      <Filter>Header Files\Procedural</Filter>
    </ClInclude>
    <ClInclude Include="plint.h">
      <Filter>Header Files\Procedural</Filter>
    </ClInclude>
    <ClInclude Include="procedural_mesh.h">
      <Filter>Header Files\Procedural</Filter>
    </ClInclude>
    <ClInclude Include="chull.h">
      <Filter>Header Files\Procedural</Filter>
    </ClInclude>
    <ClInclude Include="sphere.h">
      <Filter>Header Files\Procedural</Filter>
    </ClInclude>
    <ClInclude Include="aisceneloader.h" />
    <ClInclude Include="brdf_utils.h">
      <Filter>Header Files\Utils</Filter>
    </ClInclude>
    <ClInclude Include="distribution1d.h">
      <Filter>Header Files\Utils</Filter>
    </ClInclude>
    <ClInclude Include="structs.h">
      <Filter>Header Files\Utils</Filter>
    </ClInclude>
    <ClInclude Include="structs_device.h">
      <Filter>Header Files\Utils</Filter>
    </ClInclude>
    <ClInclude Include="math_helpers.h">
      <Filter>Header Files\Utils</Filter>
    </ClInclude>
    <ClInclude Include="obj_loader.h">
      <Filter>Header Files\Loaders</Filter>
    </ClInclude>
    <ClInclude Include="parserstringhelpers.h">
      <Filter>Header Files\Utils</Filter>
    </ClInclude>
    <ClInclude Include="apple_juice.h">
      <Filter>Header Files\Materials</Filter>
    </ClInclude>
    <ClInclude Include="environment_map.h">
      <Filter>Header Files\Lights</Filter>
    </ClInclude>
    <ClInclude Include="optix_common.h">
      <Filter>Header Files\Optix</Filter>
    </ClInclude>
    <ClInclude Include="logger.h">
      <Filter>Header Files\Utils</Filter>
    </ClInclude>
    <ClInclude Include="dialogs.h">
      <Filter>Header Files\Dialogs</Filter>
    </ClInclude>
    <ClInclude Include="light.h">
      <Filter>Header Files</Filter>
    </ClInclude>
    <ClInclude Include="enums.h">
      <Filter>Header Files\Utils</Filter>
    </ClInclude>
    <ClInclude Include="mesh.h">
      <Filter>Header Files</Filter>
    </ClInclude>
    <ClInclude Include="merl_common.h">
      <Filter>Header Files\Materials</Filter>
    </ClInclude>
    <ClInclude Include="default_shader.h">
      <Filter>Header Files\Shaders</Filter>
    </ClInclude>
    <ClInclude Include="glossy.h">
      <Filter>Header Files\Shaders</Filter>
    </ClInclude>
    <ClInclude Include="presampled_surface_bssrdf.h">
      <Filter>Header Files\Shaders</Filter>
    </ClInclude>
    <ClInclude Include="shader.h">
      <Filter>Header Files\Shaders</Filter>
    </ClInclude>
    <ClInclude Include="shader_factory.h">
      <Filter>Header Files\Shaders</Filter>
    </ClInclude>
    <ClInclude Include="camera_host.h">
      <Filter>Header Files\Cameras</Filter>
    </ClInclude>
    <ClInclude Include="light_host.h">
      <Filter>Header Files\Lights</Filter>
    </ClInclude>
    <ClInclude Include="host_device_common.h">
      <Filter>Header Files\HostDeviceStructs</Filter>
    </ClInclude>
    <ClInclude Include="device_common_data.h">
      <Filter>Header Files</Filter>
    </ClInclude>
    <ClInclude Include="camera.h">
      <Filter>Header Files\HostDeviceStructs</Filter>
    </ClInclude>
    <ClInclude Include="scattering_properties.h">
      <Filter>Header Files\HostDeviceStructs</Filter>
    </ClInclude>
    <ClInclude Include="singular_light.h">
      <Filter>Header Files\HostDeviceStructs</Filter>
    </ClInclude>
    <ClInclude Include="area_light.h">
      <Filter>Header Files\HostDeviceStructs</Filter>
    </ClInclude>
    <ClInclude Include="material.h">
      <Filter>Header Files\HostDeviceStructs</Filter>
    </ClInclude>
    <ClInclude Include="host_material.h">
      <Filter>Header Files\Materials</Filter>
    </ClInclude>
    <ClInclude Include="material_device.h">
      <Filter>Header Files\Materials</Filter>
    </ClInclude>
    <ClInclude Include="miss_program.h">
      <Filter>Header Files\Backgrounds</Filter>
    </ClInclude>
    <ClInclude Include="constant_background.h">
      <Filter>Header Files\Backgrounds</Filter>
    </ClInclude>
    <ClInclude Include="environment_map_background.h">
      <Filter>Header Files\Backgrounds</Filter>
    </ClInclude>
    <ClInclude Include="procedural_loader.h">
      <Filter>Header Files\Procedural</Filter>
    </ClInclude>
    <ClInclude Include="device_environment_map.h">
      <Filter>Header Files\Lights</Filter>
    </ClInclude>
    <ClInclude Include="PerlinNoise.h">
      <Filter>Header Files\Noise</Filter>
    </ClInclude>
    <ClInclude Include="simplex_noise.h">
      <Filter>Header Files\Noise</Filter>
    </ClInclude>
    <ClInclude Include="device_mesh_data.h">
      <Filter>Header Files\Lights</Filter>
    </ClInclude>
    <ClInclude Include="optix_utils.h">
      <Filter>Header Files\Optix</Filter>
    </ClInclude>
    <ClInclude Include="bssrdf.h">
      <Filter>Header Files\Materials</Filter>
    </ClInclude>
    <ClInclude Include="sampled_bssrdf.h">
      <Filter>Header Files\Shaders</Filter>
    </ClInclude>
    <ClInclude Include="bssrdf_sampling_properties.h">
      <Filter>Header Files\HostDeviceStructs</Filter>
    </ClInclude>
    <ClInclude Include="immediate_gui.h">
      <Filter>Header Files\GUI</Filter>
    </ClInclude>
    <ClInclude Include="imgui\imconfig.h">
      <Filter>Header Files\GUI\imgui</Filter>
    </ClInclude>
    <ClInclude Include="imgui\imgui.h">
      <Filter>Header Files\GUI\imgui</Filter>
    </ClInclude>
    <ClInclude Include="imgui\imgui_internal.h">
      <Filter>Header Files\GUI\imgui</Filter>
    </ClInclude>
    <ClInclude Include="imgui\stb_rect_pack.h">
      <Filter>Header Files\GUI\imgui</Filter>
    </ClInclude>
    <ClInclude Include="imgui\stb_textedit.h">
      <Filter>Header Files\GUI\imgui</Filter>
    </ClInclude>
    <ClInclude Include="imgui\stb_truetype.h">
      <Filter>Header Files\GUI\imgui</Filter>
    </ClInclude>
    <ClInclude Include="directional_dipole.h">
      <Filter>Header Files\Materials\Dipoles</Filter>
    </ClInclude>
    <ClInclude Include="standard_dipole.h">
      <Filter>Header Files\Materials\Dipoles</Filter>
    </ClInclude>
    <ClInclude Include="approximate_standard_dipole.h">
      <Filter>Header Files\Materials\Dipoles</Filter>
    </ClInclude>
    <ClInclude Include="approximate_directional_dipole.h">
      <Filter>Header Files\Materials\Dipoles</Filter>
    </ClInclude>
    <ClInclude Include="render_task.h">
      <Filter>Header Files\Utils</Filter>
    </ClInclude>
    <ClInclude Include="volume_path_tracer.h">
      <Filter>Header Files\Shaders</Filter>
    </ClInclude>
    <ClInclude Include="optix_serialize.h">
      <Filter>Header Files\Utils</Filter>
    </ClInclude>
    <ClInclude Include="glm.h">
      <Filter>Header Files\Loaders</Filter>
    </ClInclude>
    <ClInclude Include="HDRLoader.h">
      <Filter>Header Files\Loaders</Filter>
    </ClInclude>
    <ClInclude Include="ImageLoader.h">
      <Filter>Header Files\Loaders</Filter>
    </ClInclude>
    <ClInclude Include="PPMLoader.h">
      <Filter>Header Files\Loaders</Filter>
    </ClInclude>
    <ClInclude Include="RawLoader.h">
      <Filter>Header Files\Loaders</Filter>
    </ClInclude>
    <ClInclude Include="Mouse.h">
      <Filter>Header Files\Cameras</Filter>
    </ClInclude>
    <ClInclude Include="SampleScene.h">
      <Filter>Header Files</Filter>
    </ClInclude>
    <ClInclude Include="imgui\imgui_impl_glfw_gl3.h">
      <Filter>Header Files\GUI\imgui</Filter>
    </ClInclude>
    <ClInclude Include="GLFWDisplay.h">
      <Filter>Header Files\Display</Filter>
    </ClInclude>
    <ClInclude Include="cputimer.h">
      <Filter>Header Files\Utils</Filter>
    </ClInclude>
    <ClInclude Include="transform.h" />
    <ClInclude Include="improved_enum.def">
      <Filter>Header Files\Utils</Filter>
    </ClInclude>
    <ClInclude Include="phase_function.h">
      <Filter>Header Files\Utils</Filter>
    </ClInclude>
    <ClInclude Include="reference_bssrdf.h">
      <Filter>Header Files\Shaders</Filter>
    </ClInclude>
    <ClInclude Include="colormap.h">
      <Filter>Header Files\Utils</Filter>
    </ClInclude>
    <ClInclude Include="photon_trace_reference_bssrdf.h">
      <Filter>Header Files\Materials</Filter>
    </ClInclude>
    <ClInclude Include="photon_trace_structs.h">
      <Filter>Header Files\Materials</Filter>
    </ClInclude>
    <ClInclude Include="reference_bssrdf_gpu.h">
      <Filter>Header Files\Shaders</Filter>
    </ClInclude>
    <ClInclude Include="md5.h">
      <Filter>Header Files\Optix</Filter>
    </ClInclude>
  </ItemGroup>
  <ItemGroup>
    <Filter Include="CUDA_files">
      <UniqueIdentifier>{fdb98983-7cae-4b1b-b9b5-d522074711c7}</UniqueIdentifier>
    </Filter>
    <Filter Include="Header Files">
      <UniqueIdentifier>{e01dc3b3-ec4f-4caa-b243-f2348dee6b58}</UniqueIdentifier>
    </Filter>
    <Filter Include="Source Files">
      <UniqueIdentifier>{8d9a0b34-8d37-4b13-b97f-1f6c85fc135c}</UniqueIdentifier>
    </Filter>
    <Filter Include="CUDA_files\Mesh">
      <UniqueIdentifier>{729678eb-d7e0-4cf8-a65a-853f085f18a5}</UniqueIdentifier>
    </Filter>
    <Filter Include="Header Files\Lights">
      <UniqueIdentifier>{86dcfb8f-442a-4917-87b7-36b32deb23e6}</UniqueIdentifier>
    </Filter>
    <Filter Include="Header Files\Optix">
      <UniqueIdentifier>{e7b850f3-f301-453a-b7d5-ce0c1b46da08}</UniqueIdentifier>
    </Filter>
    <Filter Include="Header Files\Methods">
      <UniqueIdentifier>{4d7cf019-4594-467d-98dd-a2ac56fd0079}</UniqueIdentifier>
    </Filter>
    <Filter Include="CUDA_files\Cameras">
      <UniqueIdentifier>{5e6c334f-0c4d-4285-9133-72016027ce3c}</UniqueIdentifier>
    </Filter>
    <Filter Include="Source Files\Methods">
      <UniqueIdentifier>{971f1609-3b66-4a81-bc35-3428474432e4}</UniqueIdentifier>
    </Filter>
    <Filter Include="Configuration">
      <UniqueIdentifier>{1aeed6de-5585-41f5-b749-d8d5f53aff06}</UniqueIdentifier>
    </Filter>
    <Filter Include="CUDA_files\Miss Programs">
      <UniqueIdentifier>{14f73944-7fef-44c9-9375-6348ec8a4ef3}</UniqueIdentifier>
    </Filter>
    <Filter Include="Models">
      <UniqueIdentifier>{4f260485-e4ba-44e1-952e-3946a35f7c6f}</UniqueIdentifier>
    </Filter>
    <Filter Include="Header Files\Utils">
      <UniqueIdentifier>{bd227399-3f09-46ca-8e9d-414ec07a1d7a}</UniqueIdentifier>
    </Filter>
    <Filter Include="Header Files\Wrappers">
      <UniqueIdentifier>{dc59391f-88f9-4aa5-855f-d7780189cb89}</UniqueIdentifier>
    </Filter>
    <Filter Include="Source Files\Wrappers">
      <UniqueIdentifier>{fa01da2b-92a5-46c5-a89b-1754de0a4bd7}</UniqueIdentifier>
    </Filter>
    <Filter Include="Source Files\Materials">
      <UniqueIdentifier>{d32ee363-10da-4d21-9f35-382c0752534b}</UniqueIdentifier>
    </Filter>
    <Filter Include="Header Files\Materials">
      <UniqueIdentifier>{9a5da57f-9997-4f2c-b9d3-688db2d31d8d}</UniqueIdentifier>
    </Filter>
    <Filter Include="Header Files\Procedural">
      <UniqueIdentifier>{8be36179-7724-4a5c-8c68-dc149551277a}</UniqueIdentifier>
    </Filter>
    <Filter Include="Source Files\Procedural">
      <UniqueIdentifier>{1787d055-10bf-48df-aba2-e18e5e1d5760}</UniqueIdentifier>
    </Filter>
    <Filter Include="Source Files\Utils">
      <UniqueIdentifier>{be5c5a03-2528-496b-9753-f9bf4ab01ab1}</UniqueIdentifier>
    </Filter>
    <Filter Include="Header Files\Loaders">
      <UniqueIdentifier>{97cb81ba-79fd-474a-beac-b6b85b89decb}</UniqueIdentifier>
    </Filter>
    <Filter Include="Source Files\Loaders">
      <UniqueIdentifier>{f855bdc8-5cb7-4619-8330-d36db5cdf1fe}</UniqueIdentifier>
    </Filter>
    <Filter Include="Header Files\Dialogs">
      <UniqueIdentifier>{9a71ac01-87fb-4c74-a05e-9932e766ec35}</UniqueIdentifier>
    </Filter>
    <Filter Include="Source Files\Dialogs">
      <UniqueIdentifier>{81c5bd26-2b98-478b-96c8-34f7fad32149}</UniqueIdentifier>
    </Filter>
    <Filter Include="Header Files\Shaders">
      <UniqueIdentifier>{15ee89fb-54f7-4391-b06d-bf42942c1f1d}</UniqueIdentifier>
    </Filter>
    <Filter Include="Source Files\Shaders">
      <UniqueIdentifier>{cad6cfdc-9ade-43e9-942b-db83b8078577}</UniqueIdentifier>
    </Filter>
    <Filter Include="Header Files\Cameras">
      <UniqueIdentifier>{8346dfa2-f3f0-444d-bfd8-0e73e7a83114}</UniqueIdentifier>
    </Filter>
    <Filter Include="Source Files\Cameras">
      <UniqueIdentifier>{e56028e4-8dec-4bb5-937a-cc9208c8046a}</UniqueIdentifier>
    </Filter>
    <Filter Include="Source Files\Lights">
      <UniqueIdentifier>{6d4457fe-a797-4995-a46f-56afa577e457}</UniqueIdentifier>
    </Filter>
    <Filter Include="Header Files\HostDeviceStructs">
      <UniqueIdentifier>{14ef9eba-8627-4ec9-b7d9-730cbffb0f72}</UniqueIdentifier>
    </Filter>
    <Filter Include="Header Files\Backgrounds">
      <UniqueIdentifier>{3f80de25-d4ee-424c-87c2-45c4e2c0d768}</UniqueIdentifier>
    </Filter>
    <Filter Include="Source Files\Background">
      <UniqueIdentifier>{81ead0c4-2cf4-4af4-b294-afdf9420143d}</UniqueIdentifier>
    </Filter>
    <Filter Include="Header Files\Noise">
      <UniqueIdentifier>{b0d3829a-04f0-4fbc-ba66-91347e402bec}</UniqueIdentifier>
    </Filter>
    <Filter Include="Source Files\Noise">
      <UniqueIdentifier>{4f0e5784-dadf-4084-aacc-fcc8572cf0af}</UniqueIdentifier>
    </Filter>
    <Filter Include="Header Files\GUI">
      <UniqueIdentifier>{a5266ddb-16f8-4945-adbd-fd5ad47d0d0b}</UniqueIdentifier>
    </Filter>
    <Filter Include="Source Files\GUI">
      <UniqueIdentifier>{cc6fb9b0-29b8-4346-a62f-8ed6b4560b16}</UniqueIdentifier>
    </Filter>
    <Filter Include="Header Files\GUI\imgui">
      <UniqueIdentifier>{3a370804-9a03-4c49-87ae-d9a7fef6332c}</UniqueIdentifier>
    </Filter>
    <Filter Include="Source Files\GUI\imgui">
      <UniqueIdentifier>{660f06d2-4ec3-41ca-be30-24ecd9ce6105}</UniqueIdentifier>
    </Filter>
    <Filter Include="Legacy">
      <UniqueIdentifier>{a0c731e9-6497-4524-bc5e-268efba27f6f}</UniqueIdentifier>
    </Filter>
    <Filter Include="Header Files\Materials\Dipoles">
      <UniqueIdentifier>{14016807-5211-43cb-927a-10f8652e8b6d}</UniqueIdentifier>
    </Filter>
    <Filter Include="Header Files\Display">
      <UniqueIdentifier>{207aae66-3c20-4781-88c4-84cf11f7ef5e}</UniqueIdentifier>
    </Filter>
    <Filter Include="Source Files\Display">
      <UniqueIdentifier>{00ef0901-712c-4015-af5a-433f0c64dda9}</UniqueIdentifier>
    </Filter>
  </ItemGroup>
  <ItemGroup>
    <None Include="models\bunny.mtl">
      <Filter>Models</Filter>
    </None>
    <None Include="models\candle_holder_vn.mtl">
      <Filter>Models</Filter>
    </None>
    <None Include="models\CornellBox.mtl">
      <Filter>Models</Filter>
    </None>
    <None Include="models\CornellLeftSphere.mtl">
      <Filter>Models</Filter>
    </None>
    <None Include="models\CornellRightSphere.mtl">
      <Filter>Models</Filter>
    </None>
    <None Include="models\justelephant.accelcache">
      <Filter>Models</Filter>
    </None>
    <None Include="models\justElephant.mtl">
      <Filter>Models</Filter>
    </None>
    <None Include="models\media.mpml">
      <Filter>Models</Filter>
    </None>
    <None Include="models\procedural_materials.mtl">
      <Filter>Models</Filter>
    </None>
    <None Include="models\alogen_light_cylinder.mtl">
      <Filter>Models</Filter>
    </None>
    <None Include="models\bunny_vn.mtl">
      <Filter>Models</Filter>
    </None>
    <None Include="models\wall.mtl">
      <Filter>Models</Filter>
    </None>
  </ItemGroup>
  <ItemGroup>
    <Object Include="models\bunny.obj">
      <Filter>Models</Filter>
    </Object>
    <Object Include="models\candle_holder.obj">
      <Filter>Models</Filter>
    </Object>
    <Object Include="models\candle_holder_vn.obj">
      <Filter>Models</Filter>
    </Object>
    <Object Include="models\closed_bunny.obj">
      <Filter>Models</Filter>
    </Object>
    <Object Include="models\closed_bunny_vn.obj">
      <Filter>Models</Filter>
    </Object>
    <Object Include="models\CornellBlocks.obj">
      <Filter>Models</Filter>
    </Object>
    <Object Include="models\CornellBox.obj">
      <Filter>Models</Filter>
    </Object>
    <Object Include="models\CornellLeftSphere.obj">
      <Filter>Models</Filter>
    </Object>
    <Object Include="models\CornellRightSphere.obj">
      <Filter>Models</Filter>
    </Object>
    <Object Include="models\cow.obj">
      <Filter>Models</Filter>
    </Object>
    <Object Include="models\cow_vn.obj">
      <Filter>Models</Filter>
    </Object>
    <Object Include="models\dragon.obj">
      <Filter>Models</Filter>
    </Object>
    <Object Include="models\dragon_normals.obj">
      <Filter>Models</Filter>
    </Object>
    <Object Include="models\justElephant.obj">
      <Filter>Models</Filter>
    </Object>
    <Object Include="models\table.obj">
      <Filter>Models</Filter>
    </Object>
    <Object Include="models\CornellBox_vn.obj">
      <Filter>Models</Filter>
    </Object>
    <Object Include="models\CornellBlocks_vn.obj">
      <Filter>Models</Filter>
    </Object>
    <Object Include="models\alogen_light_cylinder.obj">
      <Filter>Models</Filter>
    </Object>
    <Object Include="models\wall.obj">
      <Filter>Models</Filter>
    </Object>
    <Object Include="models\bunny_vn.obj">
      <Filter>Models</Filter>
    </Object>
    <Object Include="models\placeholder.obj">
      <Filter>Models</Filter>
    </Object>
    <Object Include="models\table_checkerboard.obj">
      <Filter>Models</Filter>
    </Object>
  </ItemGroup>
  <ItemGroup>
    <Xml Include="config.xml">
      <Filter>Configuration</Filter>
    </Xml>
  </ItemGroup>
</Project>