
Microsoft Visual Studio Solution File, Format Version 12.00
# Visual Studio 14
VisualStudioVersion = 14.0.25420.1
MinimumVisualStudioVersion = 10.0.40219.1
Project("{8BC9CEB8-8B4A-11D0-8D11-00A0C91BC942}") = "optix_framework", "optix_framework\optix_framework.vcxproj", "{7F37516E-A601-4A80-AF24-D0788679FA92}"
	ProjectSection(ProjectDependencies) = postProject
		{BF238552-4C9A-4769-87A8-823E9CBD0339} = {BF238552-4C9A-4769-87A8-823E9CBD0339}
		{5BB75DE0-C159-481A-A549-212353D2578F} = {5BB75DE0-C159-481A-A549-212353D2578F}
		{C93D9AF0-8098-44D8-91BB-17105F400AB3} = {C93D9AF0-8098-44D8-91BB-17105F400AB3}
	EndProjectSection
EndProject
Project("{8BC9CEB8-8B4A-11D0-8D11-00A0C91BC942}") = "GEL", "GEL\GEL.vcxproj", "{C93D9AF0-8098-44D8-91BB-17105F400AB3}"
EndProject
Project("{8BC9CEB8-8B4A-11D0-8D11-00A0C91BC942}") = "optprops", "optprops\optprops.vcxproj", "{5BB75DE0-C159-481A-A549-212353D2578F}"
	ProjectSection(ProjectDependencies) = postProject
		{C93D9AF0-8098-44D8-91BB-17105F400AB3} = {C93D9AF0-8098-44D8-91BB-17105F400AB3}
	EndProjectSection
EndProject
Project("{8BC9CEB8-8B4A-11D0-8D11-00A0C91BC942}") = "nfd", "nfd\nfd.vcxproj", "{BF238552-4C9A-4769-87A8-823E9CBD0339}"
EndProject
Project("{2150E333-8FDC-42A3-9474-1A3956D46DE8}") = "Solution Items", "Solution Items", "{6684334E-AFF6-4F9A-96D0-52A3B2DC8A9C}"
EndProject
Project("{8BC9CEB8-8B4A-11D0-8D11-00A0C91BC942}") = "renderer", "renderer\renderer.vcxproj", "{8364F8E7-0FF8-44E8-957D-DB402E351FF1}"
	ProjectSection(ProjectDependencies) = postProject
		{7F37516E-A601-4A80-AF24-D0788679FA92} = {7F37516E-A601-4A80-AF24-D0788679FA92}
	EndProjectSection
EndProject
Project("{8BC9CEB8-8B4A-11D0-8D11-00A0C91BC942}") = "bssrdf_creator", "bssrdf_creator\bssrdf_creator.vcxproj", "{77DD2278-68D0-4472-B183-14A68EE383F7}"
EndProject
Global
	GlobalSection(SolutionConfigurationPlatforms) = preSolution
		Debug|ARM = Debug|ARM
		Debug|Mixed Platforms = Debug|Mixed Platforms
		Debug|x64 = Debug|x64
		Debug|x86 = Debug|x86
		Release|ARM = Release|ARM
		Release|Mixed Platforms = Release|Mixed Platforms
		Release|x64 = Release|x64
		Release|x86 = Release|x86
	EndGlobalSection
	GlobalSection(ProjectConfigurationPlatforms) = postSolution
		{7F37516E-A601-4A80-AF24-D0788679FA92}.Debug|ARM.ActiveCfg = Debug|x64
		{7F37516E-A601-4A80-AF24-D0788679FA92}.Debug|Mixed Platforms.ActiveCfg = Debug|x64
		{7F37516E-A601-4A80-AF24-D0788679FA92}.Debug|Mixed Platforms.Build.0 = Debug|x64
		{7F37516E-A601-4A80-AF24-D0788679FA92}.Debug|x64.ActiveCfg = Debug|x64
		{7F37516E-A601-4A80-AF24-D0788679FA92}.Debug|x64.Build.0 = Debug|x64
		{7F37516E-A601-4A80-AF24-D0788679FA92}.Debug|x86.ActiveCfg = Debug|x64
		{7F37516E-A601-4A80-AF24-D0788679FA92}.Release|ARM.ActiveCfg = Release|x64
		{7F37516E-A601-4A80-AF24-D0788679FA92}.Release|Mixed Platforms.ActiveCfg = Release|x64
		{7F37516E-A601-4A80-AF24-D0788679FA92}.Release|Mixed Platforms.Build.0 = Release|x64
		{7F37516E-A601-4A80-AF24-D0788679FA92}.Release|x64.ActiveCfg = Release|x64
		{7F37516E-A601-4A80-AF24-D0788679FA92}.Release|x64.Build.0 = Release|x64
		{7F37516E-A601-4A80-AF24-D0788679FA92}.Release|x86.ActiveCfg = Release|x64
		{C93D9AF0-8098-44D8-91BB-17105F400AB3}.Debug|ARM.ActiveCfg = Debug|x64
		{C93D9AF0-8098-44D8-91BB-17105F400AB3}.Debug|Mixed Platforms.ActiveCfg = Debug|x64
		{C93D9AF0-8098-44D8-91BB-17105F400AB3}.Debug|Mixed Platforms.Build.0 = Debug|x64
		{C93D9AF0-8098-44D8-91BB-17105F400AB3}.Debug|x64.ActiveCfg = Debug|x64
		{C93D9AF0-8098-44D8-91BB-17105F400AB3}.Debug|x64.Build.0 = Debug|x64
		{C93D9AF0-8098-44D8-91BB-17105F400AB3}.Debug|x86.ActiveCfg = Debug|x64
		{C93D9AF0-8098-44D8-91BB-17105F400AB3}.Release|ARM.ActiveCfg = Release|x64
		{C93D9AF0-8098-44D8-91BB-17105F400AB3}.Release|Mixed Platforms.ActiveCfg = Release|x64
		{C93D9AF0-8098-44D8-91BB-17105F400AB3}.Release|Mixed Platforms.Build.0 = Release|x64
		{C93D9AF0-8098-44D8-91BB-17105F400AB3}.Release|x64.ActiveCfg = Release|x64
		{C93D9AF0-8098-44D8-91BB-17105F400AB3}.Release|x64.Build.0 = Release|x64
		{C93D9AF0-8098-44D8-91BB-17105F400AB3}.Release|x86.ActiveCfg = Release|x64
		{5BB75DE0-C159-481A-A549-212353D2578F}.Debug|ARM.ActiveCfg = Debug|x64
		{5BB75DE0-C159-481A-A549-212353D2578F}.Debug|Mixed Platforms.ActiveCfg = Debug|x64
		{5BB75DE0-C159-481A-A549-212353D2578F}.Debug|Mixed Platforms.Build.0 = Debug|x64
		{5BB75DE0-C159-481A-A549-212353D2578F}.Debug|x64.ActiveCfg = Debug|x64
		{5BB75DE0-C159-481A-A549-212353D2578F}.Debug|x64.Build.0 = Debug|x64
		{5BB75DE0-C159-481A-A549-212353D2578F}.Debug|x86.ActiveCfg = Debug|x64
		{5BB75DE0-C159-481A-A549-212353D2578F}.Release|ARM.ActiveCfg = Release|x64
		{5BB75DE0-C159-481A-A549-212353D2578F}.Release|Mixed Platforms.ActiveCfg = Release|x64
		{5BB75DE0-C159-481A-A549-212353D2578F}.Release|Mixed Platforms.Build.0 = Release|x64
		{5BB75DE0-C159-481A-A549-212353D2578F}.Release|x64.ActiveCfg = Release|x64
		{5BB75DE0-C159-481A-A549-212353D2578F}.Release|x64.Build.0 = Release|x64
		{5BB75DE0-C159-481A-A549-212353D2578F}.Release|x86.ActiveCfg = Release|x64
		{BF238552-4C9A-4769-87A8-823E9CBD0339}.Debug|ARM.ActiveCfg = Debug|x64
		{BF238552-4C9A-4769-87A8-823E9CBD0339}.Debug|Mixed Platforms.ActiveCfg = Debug|x64
		{BF238552-4C9A-4769-87A8-823E9CBD0339}.Debug|Mixed Platforms.Build.0 = Debug|x64
		{BF238552-4C9A-4769-87A8-823E9CBD0339}.Debug|x64.ActiveCfg = Debug|x64
		{BF238552-4C9A-4769-87A8-823E9CBD0339}.Debug|x64.Build.0 = Debug|x64
		{BF238552-4C9A-4769-87A8-823E9CBD0339}.Debug|x86.ActiveCfg = Debug|x64
		{BF238552-4C9A-4769-87A8-823E9CBD0339}.Release|ARM.ActiveCfg = Release|x64
		{BF238552-4C9A-4769-87A8-823E9CBD0339}.Release|Mixed Platforms.ActiveCfg = Release|x64
		{BF238552-4C9A-4769-87A8-823E9CBD0339}.Release|Mixed Platforms.Build.0 = Release|x64
		{BF238552-4C9A-4769-87A8-823E9CBD0339}.Release|x64.ActiveCfg = Release|x64
		{BF238552-4C9A-4769-87A8-823E9CBD0339}.Release|x64.Build.0 = Release|x64
		{BF238552-4C9A-4769-87A8-823E9CBD0339}.Release|x86.ActiveCfg = Release|x64
		{8364F8E7-0FF8-44E8-957D-DB402E351FF1}.Debug|ARM.ActiveCfg = Debug|Win32
		{8364F8E7-0FF8-44E8-957D-DB402E351FF1}.Debug|Mixed Platforms.ActiveCfg = Debug|Win32
		{8364F8E7-0FF8-44E8-957D-DB402E351FF1}.Debug|Mixed Platforms.Build.0 = Debug|Win32
		{8364F8E7-0FF8-44E8-957D-DB402E351FF1}.Debug|x64.ActiveCfg = Debug|x64
		{8364F8E7-0FF8-44E8-957D-DB402E351FF1}.Debug|x64.Build.0 = Debug|x64
		{8364F8E7-0FF8-44E8-957D-DB402E351FF1}.Debug|x86.ActiveCfg = Debug|Win32
		{8364F8E7-0FF8-44E8-957D-DB402E351FF1}.Debug|x86.Build.0 = Debug|Win32
		{8364F8E7-0FF8-44E8-957D-DB402E351FF1}.Release|ARM.ActiveCfg = Release|Win32
		{8364F8E7-0FF8-44E8-957D-DB402E351FF1}.Release|Mixed Platforms.ActiveCfg = Release|Win32
		{8364F8E7-0FF8-44E8-957D-DB402E351FF1}.Release|Mixed Platforms.Build.0 = Release|Win32
		{8364F8E7-0FF8-44E8-957D-DB402E351FF1}.Release|x64.ActiveCfg = Release|x64
		{8364F8E7-0FF8-44E8-957D-DB402E351FF1}.Release|x64.Build.0 = Release|x64
		{8364F8E7-0FF8-44E8-957D-DB402E351FF1}.Release|x86.ActiveCfg = Release|Win32
		{8364F8E7-0FF8-44E8-957D-DB402E351FF1}.Release|x86.Build.0 = Release|Win32
		{77DD2278-68D0-4472-B183-14A68EE383F7}.Debug|ARM.ActiveCfg = Debug|Win32
		{77DD2278-68D0-4472-B183-14A68EE383F7}.Debug|Mixed Platforms.ActiveCfg = Debug|Win32
		{77DD2278-68D0-4472-B183-14A68EE383F7}.Debug|Mixed Platforms.Build.0 = Debug|Win32
		{77DD2278-68D0-4472-B183-14A68EE383F7}.Debug|x64.ActiveCfg = Debug|x64
		{77DD2278-68D0-4472-B183-14A68EE383F7}.Debug|x64.Build.0 = Debug|x64
		{77DD2278-68D0-4472-B183-14A68EE383F7}.Debug|x86.ActiveCfg = Debug|Win32
		{77DD2278-68D0-4472-B183-14A68EE383F7}.Debug|x86.Build.0 = Debug|Win32
		{77DD2278-68D0-4472-B183-14A68EE383F7}.Release|ARM.ActiveCfg = Release|Win32
		{77DD2278-68D0-4472-B183-14A68EE383F7}.Release|Mixed Platforms.ActiveCfg = Release|Win32
		{77DD2278-68D0-4472-B183-14A68EE383F7}.Release|Mixed Platforms.Build.0 = Release|Win32
		{77DD2278-68D0-4472-B183-14A68EE383F7}.Release|x64.ActiveCfg = Release|x64
		{77DD2278-68D0-4472-B183-14A68EE383F7}.Release|x64.Build.0 = Release|x64
		{77DD2278-68D0-4472-B183-14A68EE383F7}.Release|x86.ActiveCfg = Release|Win32
		{77DD2278-68D0-4472-B183-14A68EE383F7}.Release|x86.Build.0 = Release|Win32
	EndGlobalSection
	GlobalSection(SolutionProperties) = preSolution
		HideSolutionNode = FALSE
	EndGlobalSection
EndGlobal
